
Microsoft Visual Studio Solution File, Format Version 12.00
# Visual Studio Version 17
VisualStudioVersion = 17.8.34330.188
MinimumVisualStudioVersion = 10.0.40219.1
Project("{8BC9CEB8-8B4A-11D0-8D11-00A0C91BC942}") = "2023", "2023.vcxproj", "{81B3C6D1-5AB3-4AE0-BF47-9A80B94A4FAD}"
EndProject
Global
	GlobalSection(SolutionConfigurationPlatforms) = preSolution
		Debug|x64 = Debug|x64
		Debug|x86 = Debug|x86
		Release|x64 = Release|x64
		Release|x86 = Release|x86
	EndGlobalSection
	GlobalSection(ProjectConfigurationPlatforms) = postSolution
		{81B3C6D1-5AB3-4AE0-BF47-9A80B94A4FAD}.Debug|x64.ActiveCfg = Debug|x64
		{81B3C6D1-5AB3-4AE0-BF47-9A80B94A4FAD}.Debug|x64.Build.0 = Debug|x64
		{81B3C6D1-5AB3-4AE0-BF47-9A80B94A4FAD}.Debug|x86.ActiveCfg = Debug|Win32
		{81B3C6D1-5AB3-4AE0-BF47-9A80B94A4FAD}.Debug|x86.Build.0 = Debug|Win32
		{81B3C6D1-5AB3-4AE0-BF47-9A80B94A4FAD}.Release|x64.ActiveCfg = Release|x64
		{81B3C6D1-5AB3-4AE0-BF47-9A80B94A4FAD}.Release|x64.Build.0 = Release|x64
		{81B3C6D1-5AB3-4AE0-BF47-9A80B94A4FAD}.Release|x86.ActiveCfg = Release|Win32
		{81B3C6D1-5AB3-4AE0-BF47-9A80B94A4FAD}.Release|x86.Build.0 = Release|Win32
	EndGlobalSection
	GlobalSection(SolutionProperties) = preSolution
		HideSolutionNode = FALSE
	EndGlobalSection
	GlobalSection(ExtensibilityGlobals) = postSolution
		SolutionGuid = {AF647C11-5355-488A-8A76-2EF0C87E53E5}
	EndGlobalSection
EndGlobal
